
Microsoft Visual Studio Solution File, Format Version 12.00
Project("{FAE04EC0-301F-11D3-BF4B-00C04F79EFBC}") = "HandGame.Api", "HandGame.Api\HandGame.Api.csproj", "{BF386ABE-6318-4565-BCC4-6F1BE05706B1}"
EndProject
Project("{FAE04EC0-301F-11D3-BF4B-00C04F79EFBC}") = "Common.Testing", "Common.Testing\Common.Testing.csproj", "{9B7FA885-4A33-452E-BE74-EDB51F3786C0}"
EndProject
Project("{FAE04EC0-301F-11D3-BF4B-00C04F79EFBC}") = "HandGame.Testing.Api", "HandGame.Testing.Api\HandGame.Testing.Api.csproj", "{6B2BB996-8BDA-4A30-A9EF-CD63047386E4}"
EndProject
Project("{2150E333-8FDC-42A3-9474-1A3956D46DE8}") = "Testing", "Testing", "{56566B02-7C44-461D-A237-E84297579BEB}"
EndProject
Project("{2150E333-8FDC-42A3-9474-1A3956D46DE8}") = "Game", "Game", "{D81F5204-2033-465A-B8A5-A8CB9A433DD9}"
EndProject
Project("{FAE04EC0-301F-11D3-BF4B-00C04F79EFBC}") = "Common.AspNet", "Common.AspNet\Common.AspNet.csproj", "{B6541B49-43B5-4A5C-B0F2-B94C14594549}"
EndProject
Project("{FAE04EC0-301F-11D3-BF4B-00C04F79EFBC}") = "Common", "Common\Common.csproj", "{A8CDB2B4-C8C9-48B7-8DD4-8EAA77E370EE}"
EndProject
Global
	GlobalSection(SolutionConfigurationPlatforms) = preSolution
		Debug|Any CPU = Debug|Any CPU
		Release|Any CPU = Release|Any CPU
	EndGlobalSection
	GlobalSection(ProjectConfigurationPlatforms) = postSolution
		{BF386ABE-6318-4565-BCC4-6F1BE05706B1}.Debug|Any CPU.ActiveCfg = Debug|Any CPU
		{BF386ABE-6318-4565-BCC4-6F1BE05706B1}.Debug|Any CPU.Build.0 = Debug|Any CPU
		{BF386ABE-6318-4565-BCC4-6F1BE05706B1}.Release|Any CPU.ActiveCfg = Release|Any CPU
		{BF386ABE-6318-4565-BCC4-6F1BE05706B1}.Release|Any CPU.Build.0 = Release|Any CPU
		{9B7FA885-4A33-452E-BE74-EDB51F3786C0}.Debug|Any CPU.ActiveCfg = Debug|Any CPU
		{9B7FA885-4A33-452E-BE74-EDB51F3786C0}.Debug|Any CPU.Build.0 = Debug|Any CPU
		{9B7FA885-4A33-452E-BE74-EDB51F3786C0}.Release|Any CPU.ActiveCfg = Release|Any CPU
		{9B7FA885-4A33-452E-BE74-EDB51F3786C0}.Release|Any CPU.Build.0 = Release|Any CPU
		{6B2BB996-8BDA-4A30-A9EF-CD63047386E4}.Debug|Any CPU.ActiveCfg = Debug|Any CPU
		{6B2BB996-8BDA-4A30-A9EF-CD63047386E4}.Debug|Any CPU.Build.0 = Debug|Any CPU
		{6B2BB996-8BDA-4A30-A9EF-CD63047386E4}.Release|Any CPU.ActiveCfg = Release|Any CPU
		{6B2BB996-8BDA-4A30-A9EF-CD63047386E4}.Release|Any CPU.Build.0 = Release|Any CPU
		{B6541B49-43B5-4A5C-B0F2-B94C14594549}.Debug|Any CPU.ActiveCfg = Debug|Any CPU
		{B6541B49-43B5-4A5C-B0F2-B94C14594549}.Debug|Any CPU.Build.0 = Debug|Any CPU
		{B6541B49-43B5-4A5C-B0F2-B94C14594549}.Release|Any CPU.ActiveCfg = Release|Any CPU
		{B6541B49-43B5-4A5C-B0F2-B94C14594549}.Release|Any CPU.Build.0 = Release|Any CPU
		{A8CDB2B4-C8C9-48B7-8DD4-8EAA77E370EE}.Debug|Any CPU.ActiveCfg = Debug|Any CPU
		{A8CDB2B4-C8C9-48B7-8DD4-8EAA77E370EE}.Debug|Any CPU.Build.0 = Debug|Any CPU
		{A8CDB2B4-C8C9-48B7-8DD4-8EAA77E370EE}.Release|Any CPU.ActiveCfg = Release|Any CPU
		{A8CDB2B4-C8C9-48B7-8DD4-8EAA77E370EE}.Release|Any CPU.Build.0 = Release|Any CPU
	EndGlobalSection
	GlobalSection(NestedProjects) = preSolution
		{9B7FA885-4A33-452E-BE74-EDB51F3786C0} = {56566B02-7C44-461D-A237-E84297579BEB}
		{6B2BB996-8BDA-4A30-A9EF-CD63047386E4} = {56566B02-7C44-461D-A237-E84297579BEB}
		{BF386ABE-6318-4565-BCC4-6F1BE05706B1} = {D81F5204-2033-465A-B8A5-A8CB9A433DD9}
		{B6541B49-43B5-4A5C-B0F2-B94C14594549} = {D81F5204-2033-465A-B8A5-A8CB9A433DD9}
		{A8CDB2B4-C8C9-48B7-8DD4-8EAA77E370EE} = {D81F5204-2033-465A-B8A5-A8CB9A433DD9}
	EndGlobalSection
EndGlobal
