
Microsoft Visual Studio Solution File, Format Version 12.00
Project("{AFE04EC0-301F-11D3-BF4B-00C04F79EFBC}") = "Project.Testing", "Project.Testing\Project.Testing.csproj", "{CC74550F-E050-4A15-B7BE-847708EBB974}"
EndProject
Global
	GlobalSection(SolutionConfigurationPlatforms) = preSolution
		Debug|Any CPU = Debug|Any CPU
		Release|Any CPU = Release|Any CPU
	EndGlobalSection
	GlobalSection(ProjectConfigurationPlatforms) = postSolution
		{CC74550F-E050-4A15-B7BE-847708EBB974}.Debug|Any CPU.ActiveCfg = Debug|Any CPU
		{CC74550F-E050-4A15-B7BE-847708EBB974}.Debug|Any CPU.Build.0 = Debug|Any CPU
		{CC74550F-E050-4A15-B7BE-847708EBB974}.Release|Any CPU.ActiveCfg = Release|Any CPU
		{CC74550F-E050-4A15-B7BE-847708EBB974}.Release|Any CPU.Build.0 = Release|Any CPU
	EndGlobalSection
EndGlobal
